Microsoft Visual Studio Solution File, Format Version 12.00
# Visual Studio Version 17
VisualStudioVersion = 17.13.35919.96
MinimumVisualStudioVersion = 10.0.40219.1
Project("{FAE04EC0-301F-11D3-BF4B-00C04F79EFBC}") = "jbyr_quiz4_csharp", "jbyr_quiz4_csharp\jbyr_quiz4_csharp.csproj", "{ADB7823E-5CED-4C57-B606-1406F280F41D}"
EndProject
Global
	GlobalSection(SolutionConfigurationPlatforms) = preSolution
		Debug|Any CPU = Debug|Any CPU
		Release|Any CPU = Release|Any CPU
	EndGlobalSection
	GlobalSection(ProjectConfigurationPlatforms) = postSolution
		{ADB7823E-5CED-4C57-B606-1406F280F41D}.Debug|Any CPU.ActiveCfg = Debug|Any CPU
		{ADB7823E-5CED-4C57-B606-1406F280F41D}.Debug|Any CPU.Build.0 = Debug|Any CPU
		{ADB7823E-5CED-4C57-B606-1406F280F41D}.Release|Any CPU.ActiveCfg = Release|Any CPU
		{ADB7823E-5CED-4C57-B606-1406F280F41D}.Release|Any CPU.Build.0 = Release|Any CPU
	EndGlobalSection
	GlobalSection(SolutionProperties) = preSolution
		HideSolutionNode = FALSE
	EndGlobalSection
	GlobalSection(ExtensibilityGlobals) = postSolution
		SolutionGuid = {E2C84335-1BE7-4079-9BC1-2A56B2534388}
	EndGlobalSection
EndGlobal
